
Microsoft Visual Studio Solution File, Format Version 12.00
# Visual Studio Version 17
VisualStudioVersion = 17.0.31903.59
MinimumVisualStudioVersion = 10.0.40219.1
Project("{9A19103F-16F7-4668-BE54-9A1E7A4F7556}") = "Trading", "Trading\Trading.csproj", "{32041CB1-A6F6-4002-BD28-34BE7C149D3A}"
EndProject
Project("{9A19103F-16F7-4668-BE54-9A1E7A4F7556}") = "Trading.Tests", "Trading.Tests\Trading.Tests.csproj", "{4400EB6C-C601-4A69-AF4A-9DFC7D7FA705}"
EndProject
Project("{9A19103F-16F7-4668-BE54-9A1E7A4F7556}") = "SampleDomain", "..\SampleDomain\SampleDomain.csproj", "{C071511F-7A3F-484E-899E-BA8133C50630}"
EndProject
Global
	GlobalSection(SolutionConfigurationPlatforms) = preSolution
		Debug|Any CPU = Debug|Any CPU
		Release|Any CPU = Release|Any CPU
	EndGlobalSection
	GlobalSection(ProjectConfigurationPlatforms) = postSolution
		{32041CB1-A6F6-4002-BD28-34BE7C149D3A}.Debug|Any CPU.ActiveCfg = Debug|Any CPU
		{32041CB1-A6F6-4002-BD28-34BE7C149D3A}.Debug|Any CPU.Build.0 = Debug|Any CPU
		{32041CB1-A6F6-4002-BD28-34BE7C149D3A}.Release|Any CPU.ActiveCfg = Release|Any CPU
		{32041CB1-A6F6-4002-BD28-34BE7C149D3A}.Release|Any CPU.Build.0 = Release|Any CPU
		{4400EB6C-C601-4A69-AF4A-9DFC7D7FA705}.Debug|Any CPU.ActiveCfg = Debug|Any CPU
		{4400EB6C-C601-4A69-AF4A-9DFC7D7FA705}.Debug|Any CPU.Build.0 = Debug|Any CPU
		{4400EB6C-C601-4A69-AF4A-9DFC7D7FA705}.Release|Any CPU.ActiveCfg = Release|Any CPU
		{4400EB6C-C601-4A69-AF4A-9DFC7D7FA705}.Release|Any CPU.Build.0 = Release|Any CPU
		{C071511F-7A3F-484E-899E-BA8133C50630}.Debug|Any CPU.ActiveCfg = Debug|Any CPU
		{C071511F-7A3F-484E-899E-BA8133C50630}.Debug|Any CPU.Build.0 = Debug|Any CPU
		{C071511F-7A3F-484E-899E-BA8133C50630}.Release|Any CPU.ActiveCfg = Release|Any CPU
		{C071511F-7A3F-484E-899E-BA8133C50630}.Release|Any CPU.Build.0 = Release|Any CPU
	EndGlobalSection
	GlobalSection(SolutionProperties) = preSolution
		HideSolutionNode = FALSE
	EndGlobalSection
	GlobalSection(ExtensibilityGlobals) = postSolution
		SolutionGuid = {66077504-211F-4853-A495-EE0156295491}
	EndGlobalSection
EndGlobal
